
Microsoft Visual Studio Solution File, Format Version 12.00
# Visual Studio Version 17
VisualStudioVersion = 17.14.37027.9
MinimumVisualStudioVersion = 10.0.40219.1
Project("{FAE04EC0-301F-11D3-BF4B-00C04F79EFBC}") = "TradingApp.Domain", "TradingApp.Domain\TradingApp.Domain.csproj", "{183EA21C-DEF5-4698-8B84-3ED58E5AA405}"
EndProject
Project("{FAE04EC0-301F-11D3-BF4B-00C04F79EFBC}") = "TradingApp.API", "TradingApp.API\TradingApp.API.csproj", "{490A8529-A731-41BF-97C8-2BA277F5D7A2}"
	ProjectSection(ProjectDependencies) = postProject
		{183EA21C-DEF5-4698-8B84-3ED58E5AA405} = {183EA21C-DEF5-4698-8B84-3ED58E5AA405}
	EndProjectSection
EndProject
Project("{FAE04EC0-301F-11D3-BF4B-00C04F79EFBC}") = "TradingApp.Events", "TradingApp.Events\TradingApp.Events.csproj", "{B736E5D8-EF2F-4CBD-BCFB-D02F933E9F1B}"
EndProject
Project("{FAE04EC0-301F-11D3-BF4B-00C04F79EFBC}") = "OrderExecutionProcessor", "Functions\OrderExecutionProcessor\OrderExecutionProcessor.csproj", "{C5CEEB2A-03CF-49BB-9835-1E3EAF718FD0}"
EndProject
Project("{FAE04EC0-301F-11D3-BF4B-00C04F79EFBC}") = "OrderExecutionProcessor.LocalHarness", "Functions\OrderExecutionProcessor.LocalHarness\OrderExecutionProcessor.LocalHarness.csproj", "{702B4C7F-5B17-B1A3-A0CD-2EC8A9CD0A46}"
EndProject
Project("{FAE04EC0-301F-11D3-BF4B-00C04F79EFBC}") = "ScheduledOutboxMessageProcessor", "Functions\ScheduledOutboxMessageProcessor\ScheduledOutboxMessageProcessor.csproj", "{41BD5CAB-FEF7-4170-A2BD-3BEAF6742A4A}"
EndProject
Project("{FAE04EC0-301F-11D3-BF4B-00C04F79EFBC}") = "ScheduledOutboxMessageProcessor.LocalHarness", "Functions\ScheduledOutboxMessageProcessor.LocalHarness\ScheduledOutboxMessageProcessor.LocalHarness.csproj", "{00028B5A-2935-44A1-8909-4E3994DBACEF}"
EndProject
Project("{FAE04EC0-301F-11D3-BF4B-00C04F79EFBC}") = "DeadLetterQueueProcessor", "Functions\DeadLetterQueueProcessor\DeadLetterQueueProcessor.csproj", "{D4B059D3-F0A8-4899-A18E-B32CE93898D3}"
EndProject
Project("{FAE04EC0-301F-11D3-BF4B-00C04F79EFBC}") = "DeadLetterQueueProcessor.LocalHarness", "Functions\DeadLetterQueueProcessor.LocalHarness\DeadLetterQueueProcessor.LocalHarness.csproj", "{D75886D7-393A-4ACB-8F27-C02C326AA3BC}"
EndProject
Project("{FAE04EC0-301F-11D3-BF4B-00C04F79EFBC}") = "TradingApp.Business", "TradingApp.Business\TradingApp.Business.csproj", "{C64DB978-0386-921F-0185-39B32388681A}"
EndProject
Project("{FAE04EC0-301F-11D3-BF4B-00C04F79EFBC}") = "ScheduledOrderStatusProcessor.LocalHarness", "Functions\ScheduledOrderStatusProcessor.LocalHarness\ScheduledOrderStatusProcessor.LocalHarness.csproj", "{F2990DBD-0791-428E-AEF5-4AB8EC0EBCC4}"
EndProject
Project("{FAE04EC0-301F-11D3-BF4B-00C04F79EFBC}") = "ScheduledOrderStatusProcessor", "Functions\ScheduledOrderStatusProcessor\ScheduledOrderStatusProcessor.csproj", "{F1996404-A032-4874-9D63-52403BD8D36C}"
EndProject
Project("{FAE04EC0-301F-11D3-BF4B-00C04F79EFBC}") = "NotificationProcessor", "Functions\NotificationProcessor\NotificationProcessor.csproj", "{FF4233B2-C994-4767-979D-4AF5638E15CB}"
EndProject
Project("{FAE04EC0-301F-11D3-BF4B-00C04F79EFBC}") = "NotificationProcessor.LocalHarness", "Functions\NotificationProcessor.LocalHarness\NotificationProcessor.LocalHarness.csproj", "{18222036-36D0-4EAA-965C-0496D32E2449}"
EndProject
Project("{FAE04EC0-301F-11D3-BF4B-00C04F79EFBC}") = "AuditLogProcessor", "Functions\AuditLogProcessor\AuditLogProcessor.csproj", "{7398097C-4BE1-4F34-BFAA-5A2B79F87595}"
EndProject
Project("{FAE04EC0-301F-11D3-BF4B-00C04F79EFBC}") = "AuditLogProcessor.LocalHarness", "Functions\AuditLogProcessor.LocalHarness\AuditLogProcessor.LocalHarness.csproj", "{2E35CA24-B31A-4591-AC60-B6CBC2F631EB}"
EndProject
Project("{FAE04EC0-301F-11D3-BF4B-00C04F79EFBC}") = "RiskAnalysisProcessor", "Functions\RiskAnalysisProcessor\RiskAnalysisProcessor.csproj", "{BC9070C8-51B7-44A3-9CB2-A95A99710063}"
EndProject
Project("{FAE04EC0-301F-11D3-BF4B-00C04F79EFBC}") = "RiskAnalysisProcessor.LocalHarness", "Functions\RiskAnalysisProcessor.LocalHarness\RiskAnalysisProcessor.LocalHarness.csproj", "{A4F56D8A-BC84-47FD-B47C-4AD496C99C91}"
EndProject
Project("{FAE04EC0-301F-11D3-BF4B-00C04F79EFBC}") = "ScheduledUnpublishedTopicMessagesProcessor", "Functions\ScheduledUnpublishedTopicMessagesProcessor\ScheduledUnpublishedTopicMessagesProcessor.csproj", "{9941A810-D6F6-4FB4-B1BE-D29385DD08AF}"
EndProject
Project("{FAE04EC0-301F-11D3-BF4B-00C04F79EFBC}") = "ScheduledUnpublishedTopicMessagesProcessor.LocalHarness", "Functions\ScheduledUnpublishedTopicMessagesProcessor.LocalHarness\ScheduledUnpublishedTopicMessagesProcessor.LocalHarness.csproj", "{EB20C050-9CD8-42EA-A248-D2D96F03F7B0}"
EndProject
Project("{FAE04EC0-301F-11D3-BF4B-00C04F79EFBC}") = "TradingApp.Infrastructure", "TradingApp.Infrastructure\TradingApp.Infrastructure.csproj", "{094809FB-9DA9-50C0-7D97-C52DAD96CFE1}"
EndProject
Project("{FAE04EC0-301F-11D3-BF4B-00C04F79EFBC}") = "TradingApp.LocalHarnessCore", "TradingApp.LocalHarnessCore\TradingApp.LocalHarnessCore.csproj", "{C4DA6CB1-74F8-4C7F-AB84-AC9614897EE8}"
EndProject
Global
	GlobalSection(SolutionConfigurationPlatforms) = preSolution
		Debug|Any CPU = Debug|Any CPU
		Debug|x64 = Debug|x64
		Debug|x86 = Debug|x86
		Release|Any CPU = Release|Any CPU
		Release|x64 = Release|x64
		Release|x86 = Release|x86
	EndGlobalSection
	GlobalSection(ProjectConfigurationPlatforms) = postSolution
		{183EA21C-DEF5-4698-8B84-3ED58E5AA405}.Debug|Any CPU.ActiveCfg = Debug|Any CPU
		{183EA21C-DEF5-4698-8B84-3ED58E5AA405}.Debug|Any CPU.Build.0 = Debug|Any CPU
		{183EA21C-DEF5-4698-8B84-3ED58E5AA405}.Debug|x64.ActiveCfg = Debug|Any CPU
		{183EA21C-DEF5-4698-8B84-3ED58E5AA405}.Debug|x64.Build.0 = Debug|Any CPU
		{183EA21C-DEF5-4698-8B84-3ED58E5AA405}.Debug|x86.ActiveCfg = Debug|Any CPU
		{183EA21C-DEF5-4698-8B84-3ED58E5AA405}.Debug|x86.Build.0 = Debug|Any CPU
		{183EA21C-DEF5-4698-8B84-3ED58E5AA405}.Release|Any CPU.ActiveCfg = Release|Any CPU
		{183EA21C-DEF5-4698-8B84-3ED58E5AA405}.Release|Any CPU.Build.0 = Release|Any CPU
		{183EA21C-DEF5-4698-8B84-3ED58E5AA405}.Release|x64.ActiveCfg = Release|Any CPU
		{183EA21C-DEF5-4698-8B84-3ED58E5AA405}.Release|x64.Build.0 = Release|Any CPU
		{183EA21C-DEF5-4698-8B84-3ED58E5AA405}.Release|x86.ActiveCfg = Release|Any CPU
		{183EA21C-DEF5-4698-8B84-3ED58E5AA405}.Release|x86.Build.0 = Release|Any CPU
		{490A8529-A731-41BF-97C8-2BA277F5D7A2}.Debug|Any CPU.ActiveCfg = Debug|Any CPU
		{490A8529-A731-41BF-97C8-2BA277F5D7A2}.Debug|Any CPU.Build.0 = Debug|Any CPU
		{490A8529-A731-41BF-97C8-2BA277F5D7A2}.Debug|x64.ActiveCfg = Debug|Any CPU
		{490A8529-A731-41BF-97C8-2BA277F5D7A2}.Debug|x64.Build.0 = Debug|Any CPU
		{490A8529-A731-41BF-97C8-2BA277F5D7A2}.Debug|x86.ActiveCfg = Debug|Any CPU
		{490A8529-A731-41BF-97C8-2BA277F5D7A2}.Debug|x86.Build.0 = Debug|Any CPU
		{490A8529-A731-41BF-97C8-2BA277F5D7A2}.Release|Any CPU.ActiveCfg = Release|Any CPU
		{490A8529-A731-41BF-97C8-2BA277F5D7A2}.Release|Any CPU.Build.0 = Release|Any CPU
		{490A8529-A731-41BF-97C8-2BA277F5D7A2}.Release|x64.ActiveCfg = Release|Any CPU
		{490A8529-A731-41BF-97C8-2BA277F5D7A2}.Release|x64.Build.0 = Release|Any CPU
		{490A8529-A731-41BF-97C8-2BA277F5D7A2}.Release|x86.ActiveCfg = Release|Any CPU
		{490A8529-A731-41BF-97C8-2BA277F5D7A2}.Release|x86.Build.0 = Release|Any CPU
		{B736E5D8-EF2F-4CBD-BCFB-D02F933E9F1B}.Debug|Any CPU.ActiveCfg = Debug|Any CPU
		{B736E5D8-EF2F-4CBD-BCFB-D02F933E9F1B}.Debug|Any CPU.Build.0 = Debug|Any CPU
		{B736E5D8-EF2F-4CBD-BCFB-D02F933E9F1B}.Debug|x64.ActiveCfg = Debug|Any CPU
		{B736E5D8-EF2F-4CBD-BCFB-D02F933E9F1B}.Debug|x64.Build.0 = Debug|Any CPU
		{B736E5D8-EF2F-4CBD-BCFB-D02F933E9F1B}.Debug|x86.ActiveCfg = Debug|Any CPU
		{B736E5D8-EF2F-4CBD-BCFB-D02F933E9F1B}.Debug|x86.Build.0 = Debug|Any CPU
		{B736E5D8-EF2F-4CBD-BCFB-D02F933E9F1B}.Release|Any CPU.ActiveCfg = Release|Any CPU
		{B736E5D8-EF2F-4CBD-BCFB-D02F933E9F1B}.Release|Any CPU.Build.0 = Release|Any CPU
		{B736E5D8-EF2F-4CBD-BCFB-D02F933E9F1B}.Release|x64.ActiveCfg = Release|Any CPU
		{B736E5D8-EF2F-4CBD-BCFB-D02F933E9F1B}.Release|x64.Build.0 = Release|Any CPU
		{B736E5D8-EF2F-4CBD-BCFB-D02F933E9F1B}.Release|x86.ActiveCfg = Release|Any CPU
		{B736E5D8-EF2F-4CBD-BCFB-D02F933E9F1B}.Release|x86.Build.0 = Release|Any CPU
		{C5CEEB2A-03CF-49BB-9835-1E3EAF718FD0}.Debug|Any CPU.ActiveCfg = Debug|Any CPU
		{C5CEEB2A-03CF-49BB-9835-1E3EAF718FD0}.Debug|Any CPU.Build.0 = Debug|Any CPU
		{C5CEEB2A-03CF-49BB-9835-1E3EAF718FD0}.Debug|x64.ActiveCfg = Debug|Any CPU
		{C5CEEB2A-03CF-49BB-9835-1E3EAF718FD0}.Debug|x64.Build.0 = Debug|Any CPU
		{C5CEEB2A-03CF-49BB-9835-1E3EAF718FD0}.Debug|x86.ActiveCfg = Debug|Any CPU
		{C5CEEB2A-03CF-49BB-9835-1E3EAF718FD0}.Debug|x86.Build.0 = Debug|Any CPU
		{C5CEEB2A-03CF-49BB-9835-1E3EAF718FD0}.Release|Any CPU.ActiveCfg = Release|Any CPU
		{C5CEEB2A-03CF-49BB-9835-1E3EAF718FD0}.Release|Any CPU.Build.0 = Release|Any CPU
		{C5CEEB2A-03CF-49BB-9835-1E3EAF718FD0}.Release|x64.ActiveCfg = Release|Any CPU
		{C5CEEB2A-03CF-49BB-9835-1E3EAF718FD0}.Release|x64.Build.0 = Release|Any CPU
		{C5CEEB2A-03CF-49BB-9835-1E3EAF718FD0}.Release|x86.ActiveCfg = Release|Any CPU
		{C5CEEB2A-03CF-49BB-9835-1E3EAF718FD0}.Release|x86.Build.0 = Release|Any CPU
		{702B4C7F-5B17-B1A3-A0CD-2EC8A9CD0A46}.Debug|Any CPU.ActiveCfg = Debug|Any CPU
		{702B4C7F-5B17-B1A3-A0CD-2EC8A9CD0A46}.Debug|Any CPU.Build.0 = Debug|Any CPU
		{702B4C7F-5B17-B1A3-A0CD-2EC8A9CD0A46}.Debug|x64.ActiveCfg = Debug|Any CPU
		{702B4C7F-5B17-B1A3-A0CD-2EC8A9CD0A46}.Debug|x64.Build.0 = Debug|Any CPU
		{702B4C7F-5B17-B1A3-A0CD-2EC8A9CD0A46}.Debug|x86.ActiveCfg = Debug|Any CPU
		{702B4C7F-5B17-B1A3-A0CD-2EC8A9CD0A46}.Debug|x86.Build.0 = Debug|Any CPU
		{702B4C7F-5B17-B1A3-A0CD-2EC8A9CD0A46}.Release|Any CPU.ActiveCfg = Release|Any CPU
		{702B4C7F-5B17-B1A3-A0CD-2EC8A9CD0A46}.Release|Any CPU.Build.0 = Release|Any CPU
		{702B4C7F-5B17-B1A3-A0CD-2EC8A9CD0A46}.Release|x64.ActiveCfg = Release|Any CPU
		{702B4C7F-5B17-B1A3-A0CD-2EC8A9CD0A46}.Release|x64.Build.0 = Release|Any CPU
		{702B4C7F-5B17-B1A3-A0CD-2EC8A9CD0A46}.Release|x86.ActiveCfg = Release|Any CPU
		{702B4C7F-5B17-B1A3-A0CD-2EC8A9CD0A46}.Release|x86.Build.0 = Release|Any CPU
		{41BD5CAB-FEF7-4170-A2BD-3BEAF6742A4A}.Debug|Any CPU.ActiveCfg = Debug|Any CPU
		{41BD5CAB-FEF7-4170-A2BD-3BEAF6742A4A}.Debug|Any CPU.Build.0 = Debug|Any CPU
		{41BD5CAB-FEF7-4170-A2BD-3BEAF6742A4A}.Debug|x64.ActiveCfg = Debug|Any CPU
		{41BD5CAB-FEF7-4170-A2BD-3BEAF6742A4A}.Debug|x64.Build.0 = Debug|Any CPU
		{41BD5CAB-FEF7-4170-A2BD-3BEAF6742A4A}.Debug|x86.ActiveCfg = Debug|Any CPU
		{41BD5CAB-FEF7-4170-A2BD-3BEAF6742A4A}.Debug|x86.Build.0 = Debug|Any CPU
		{41BD5CAB-FEF7-4170-A2BD-3BEAF6742A4A}.Release|Any CPU.ActiveCfg = Release|Any CPU
		{41BD5CAB-FEF7-4170-A2BD-3BEAF6742A4A}.Release|Any CPU.Build.0 = Release|Any CPU
		{41BD5CAB-FEF7-4170-A2BD-3BEAF6742A4A}.Release|x64.ActiveCfg = Release|Any CPU
		{41BD5CAB-FEF7-4170-A2BD-3BEAF6742A4A}.Release|x64.Build.0 = Release|Any CPU
		{41BD5CAB-FEF7-4170-A2BD-3BEAF6742A4A}.Release|x86.ActiveCfg = Release|Any CPU
		{41BD5CAB-FEF7-4170-A2BD-3BEAF6742A4A}.Release|x86.Build.0 = Release|Any CPU
		{00028B5A-2935-44A1-8909-4E3994DBACEF}.Debug|Any CPU.ActiveCfg = Debug|Any CPU
		{00028B5A-2935-44A1-8909-4E3994DBACEF}.Debug|Any CPU.Build.0 = Debug|Any CPU
		{00028B5A-2935-44A1-8909-4E3994DBACEF}.Debug|x64.ActiveCfg = Debug|Any CPU
		{00028B5A-2935-44A1-8909-4E3994DBACEF}.Debug|x64.Build.0 = Debug|Any CPU
		{00028B5A-2935-44A1-8909-4E3994DBACEF}.Debug|x86.ActiveCfg = Debug|Any CPU
		{00028B5A-2935-44A1-8909-4E3994DBACEF}.Debug|x86.Build.0 = Debug|Any CPU
		{00028B5A-2935-44A1-8909-4E3994DBACEF}.Release|Any CPU.ActiveCfg = Release|Any CPU
		{00028B5A-2935-44A1-8909-4E3994DBACEF}.Release|Any CPU.Build.0 = Release|Any CPU
		{00028B5A-2935-44A1-8909-4E3994DBACEF}.Release|x64.ActiveCfg = Release|Any CPU
		{00028B5A-2935-44A1-8909-4E3994DBACEF}.Release|x64.Build.0 = Release|Any CPU
		{00028B5A-2935-44A1-8909-4E3994DBACEF}.Release|x86.ActiveCfg = Release|Any CPU
		{00028B5A-2935-44A1-8909-4E3994DBACEF}.Release|x86.Build.0 = Release|Any CPU
		{D4B059D3-F0A8-4899-A18E-B32CE93898D3}.Debug|Any CPU.ActiveCfg = Debug|Any CPU
		{D4B059D3-F0A8-4899-A18E-B32CE93898D3}.Debug|Any CPU.Build.0 = Debug|Any CPU
		{D4B059D3-F0A8-4899-A18E-B32CE93898D3}.Debug|x64.ActiveCfg = Debug|Any CPU
		{D4B059D3-F0A8-4899-A18E-B32CE93898D3}.Debug|x64.Build.0 = Debug|Any CPU
		{D4B059D3-F0A8-4899-A18E-B32CE93898D3}.Debug|x86.ActiveCfg = Debug|Any CPU
		{D4B059D3-F0A8-4899-A18E-B32CE93898D3}.Debug|x86.Build.0 = Debug|Any CPU
		{D4B059D3-F0A8-4899-A18E-B32CE93898D3}.Release|Any CPU.ActiveCfg = Release|Any CPU
		{D4B059D3-F0A8-4899-A18E-B32CE93898D3}.Release|Any CPU.Build.0 = Release|Any CPU
		{D4B059D3-F0A8-4899-A18E-B32CE93898D3}.Release|x64.ActiveCfg = Release|Any CPU
		{D4B059D3-F0A8-4899-A18E-B32CE93898D3}.Release|x64.Build.0 = Release|Any CPU
		{D4B059D3-F0A8-4899-A18E-B32CE93898D3}.Release|x86.ActiveCfg = Release|Any CPU
		{D4B059D3-F0A8-4899-A18E-B32CE93898D3}.Release|x86.Build.0 = Release|Any CPU
		{D75886D7-393A-4ACB-8F27-C02C326AA3BC}.Debug|Any CPU.ActiveCfg = Debug|Any CPU
		{D75886D7-393A-4ACB-8F27-C02C326AA3BC}.Debug|Any CPU.Build.0 = Debug|Any CPU
		{D75886D7-393A-4ACB-8F27-C02C326AA3BC}.Debug|x64.ActiveCfg = Debug|Any CPU
		{D75886D7-393A-4ACB-8F27-C02C326AA3BC}.Debug|x64.Build.0 = Debug|Any CPU
		{D75886D7-393A-4ACB-8F27-C02C326AA3BC}.Debug|x86.ActiveCfg = Debug|Any CPU
		{D75886D7-393A-4ACB-8F27-C02C326AA3BC}.Debug|x86.Build.0 = Debug|Any CPU
		{D75886D7-393A-4ACB-8F27-C02C326AA3BC}.Release|Any CPU.ActiveCfg = Release|Any CPU
		{D75886D7-393A-4ACB-8F27-C02C326AA3BC}.Release|Any CPU.Build.0 = Release|Any CPU
		{D75886D7-393A-4ACB-8F27-C02C326AA3BC}.Release|x64.ActiveCfg = Release|Any CPU
		{D75886D7-393A-4ACB-8F27-C02C326AA3BC}.Release|x64.Build.0 = Release|Any CPU
		{D75886D7-393A-4ACB-8F27-C02C326AA3BC}.Release|x86.ActiveCfg = Release|Any CPU
		{D75886D7-393A-4ACB-8F27-C02C326AA3BC}.Release|x86.Build.0 = Release|Any CPU
		{C64DB978-0386-921F-0185-39B32388681A}.Debug|Any CPU.ActiveCfg = Debug|Any CPU
		{C64DB978-0386-921F-0185-39B32388681A}.Debug|Any CPU.Build.0 = Debug|Any CPU
		{C64DB978-0386-921F-0185-39B32388681A}.Debug|x64.ActiveCfg = Debug|Any CPU
		{C64DB978-0386-921F-0185-39B32388681A}.Debug|x64.Build.0 = Debug|Any CPU
		{C64DB978-0386-921F-0185-39B32388681A}.Debug|x86.ActiveCfg = Debug|Any CPU
		{C64DB978-0386-921F-0185-39B32388681A}.Debug|x86.Build.0 = Debug|Any CPU
		{C64DB978-0386-921F-0185-39B32388681A}.Release|Any CPU.ActiveCfg = Release|Any CPU
		{C64DB978-0386-921F-0185-39B32388681A}.Release|Any CPU.Build.0 = Release|Any CPU
		{C64DB978-0386-921F-0185-39B32388681A}.Release|x64.ActiveCfg = Release|Any CPU
		{C64DB978-0386-921F-0185-39B32388681A}.Release|x64.Build.0 = Release|Any CPU
		{C64DB978-0386-921F-0185-39B32388681A}.Release|x86.ActiveCfg = Release|Any CPU
		{C64DB978-0386-921F-0185-39B32388681A}.Release|x86.Build.0 = Release|Any CPU
		{F2990DBD-0791-428E-AEF5-4AB8EC0EBCC4}.Debug|Any CPU.ActiveCfg = Debug|Any CPU
		{F2990DBD-0791-428E-AEF5-4AB8EC0EBCC4}.Debug|Any CPU.Build.0 = Debug|Any CPU
		{F2990DBD-0791-428E-AEF5-4AB8EC0EBCC4}.Debug|x64.ActiveCfg = Debug|Any CPU
		{F2990DBD-0791-428E-AEF5-4AB8EC0EBCC4}.Debug|x64.Build.0 = Debug|Any CPU
		{F2990DBD-0791-428E-AEF5-4AB8EC0EBCC4}.Debug|x86.ActiveCfg = Debug|Any CPU
		{F2990DBD-0791-428E-AEF5-4AB8EC0EBCC4}.Debug|x86.Build.0 = Debug|Any CPU
		{F2990DBD-0791-428E-AEF5-4AB8EC0EBCC4}.Release|Any CPU.ActiveCfg = Release|Any CPU
		{F2990DBD-0791-428E-AEF5-4AB8EC0EBCC4}.Release|Any CPU.Build.0 = Release|Any CPU
		{F2990DBD-0791-428E-AEF5-4AB8EC0EBCC4}.Release|x64.ActiveCfg = Release|Any CPU
		{F2990DBD-0791-428E-AEF5-4AB8EC0EBCC4}.Release|x64.Build.0 = Release|Any CPU
		{F2990DBD-0791-428E-AEF5-4AB8EC0EBCC4}.Release|x86.ActiveCfg = Release|Any CPU
		{F2990DBD-0791-428E-AEF5-4AB8EC0EBCC4}.Release|x86.Build.0 = Release|Any CPU
		{F1996404-A032-4874-9D63-52403BD8D36C}.Debug|Any CPU.ActiveCfg = Debug|Any CPU
		{F1996404-A032-4874-9D63-52403BD8D36C}.Debug|Any CPU.Build.0 = Debug|Any CPU
		{F1996404-A032-4874-9D63-52403BD8D36C}.Debug|x64.ActiveCfg = Debug|Any CPU
		{F1996404-A032-4874-9D63-52403BD8D36C}.Debug|x64.Build.0 = Debug|Any CPU
		{F1996404-A032-4874-9D63-52403BD8D36C}.Debug|x86.ActiveCfg = Debug|Any CPU
		{F1996404-A032-4874-9D63-52403BD8D36C}.Debug|x86.Build.0 = Debug|Any CPU
		{F1996404-A032-4874-9D63-52403BD8D36C}.Release|Any CPU.ActiveCfg = Release|Any CPU
		{F1996404-A032-4874-9D63-52403BD8D36C}.Release|Any CPU.Build.0 = Release|Any CPU
		{F1996404-A032-4874-9D63-52403BD8D36C}.Release|x64.ActiveCfg = Release|Any CPU
		{F1996404-A032-4874-9D63-52403BD8D36C}.Release|x64.Build.0 = Release|Any CPU
		{F1996404-A032-4874-9D63-52403BD8D36C}.Release|x86.ActiveCfg = Release|Any CPU
		{F1996404-A032-4874-9D63-52403BD8D36C}.Release|x86.Build.0 = Release|Any CPU
		{FF4233B2-C994-4767-979D-4AF5638E15CB}.Debug|Any CPU.ActiveCfg = Debug|Any CPU
		{FF4233B2-C994-4767-979D-4AF5638E15CB}.Debug|Any CPU.Build.0 = Debug|Any CPU
		{FF4233B2-C994-4767-979D-4AF5638E15CB}.Debug|x64.ActiveCfg = Debug|Any CPU
		{FF4233B2-C994-4767-979D-4AF5638E15CB}.Debug|x64.Build.0 = Debug|Any CPU
		{FF4233B2-C994-4767-979D-4AF5638E15CB}.Debug|x86.ActiveCfg = Debug|Any CPU
		{FF4233B2-C994-4767-979D-4AF5638E15CB}.Debug|x86.Build.0 = Debug|Any CPU
		{FF4233B2-C994-4767-979D-4AF5638E15CB}.Release|Any CPU.ActiveCfg = Release|Any CPU
		{FF4233B2-C994-4767-979D-4AF5638E15CB}.Release|Any CPU.Build.0 = Release|Any CPU
		{FF4233B2-C994-4767-979D-4AF5638E15CB}.Release|x64.ActiveCfg = Release|Any CPU
		{FF4233B2-C994-4767-979D-4AF5638E15CB}.Release|x64.Build.0 = Release|Any CPU
		{FF4233B2-C994-4767-979D-4AF5638E15CB}.Release|x86.ActiveCfg = Release|Any CPU
		{FF4233B2-C994-4767-979D-4AF5638E15CB}.Release|x86.Build.0 = Release|Any CPU
		{18222036-36D0-4EAA-965C-0496D32E2449}.Debug|Any CPU.ActiveCfg = Debug|Any CPU
		{18222036-36D0-4EAA-965C-0496D32E2449}.Debug|Any CPU.Build.0 = Debug|Any CPU
		{18222036-36D0-4EAA-965C-0496D32E2449}.Debug|x64.ActiveCfg = Debug|Any CPU
		{18222036-36D0-4EAA-965C-0496D32E2449}.Debug|x64.Build.0 = Debug|Any CPU
		{18222036-36D0-4EAA-965C-0496D32E2449}.Debug|x86.ActiveCfg = Debug|Any CPU
		{18222036-36D0-4EAA-965C-0496D32E2449}.Debug|x86.Build.0 = Debug|Any CPU
		{18222036-36D0-4EAA-965C-0496D32E2449}.Release|Any CPU.ActiveCfg = Release|Any CPU
		{18222036-36D0-4EAA-965C-0496D32E2449}.Release|Any CPU.Build.0 = Release|Any CPU
		{18222036-36D0-4EAA-965C-0496D32E2449}.Release|x64.ActiveCfg = Release|Any CPU
		{18222036-36D0-4EAA-965C-0496D32E2449}.Release|x64.Build.0 = Release|Any CPU
		{18222036-36D0-4EAA-965C-0496D32E2449}.Release|x86.ActiveCfg = Release|Any CPU
		{18222036-36D0-4EAA-965C-0496D32E2449}.Release|x86.Build.0 = Release|Any CPU
		{7398097C-4BE1-4F34-BFAA-5A2B79F87595}.Debug|Any CPU.ActiveCfg = Debug|Any CPU
		{7398097C-4BE1-4F34-BFAA-5A2B79F87595}.Debug|Any CPU.Build.0 = Debug|Any CPU
		{7398097C-4BE1-4F34-BFAA-5A2B79F87595}.Debug|x64.ActiveCfg = Debug|Any CPU
		{7398097C-4BE1-4F34-BFAA-5A2B79F87595}.Debug|x64.Build.0 = Debug|Any CPU
		{7398097C-4BE1-4F34-BFAA-5A2B79F87595}.Debug|x86.ActiveCfg = Debug|Any CPU
		{7398097C-4BE1-4F34-BFAA-5A2B79F87595}.Debug|x86.Build.0 = Debug|Any CPU
		{7398097C-4BE1-4F34-BFAA-5A2B79F87595}.Release|Any CPU.ActiveCfg = Release|Any CPU
		{7398097C-4BE1-4F34-BFAA-5A2B79F87595}.Release|Any CPU.Build.0 = Release|Any CPU
		{7398097C-4BE1-4F34-BFAA-5A2B79F87595}.Release|x64.ActiveCfg = Release|Any CPU
		{7398097C-4BE1-4F34-BFAA-5A2B79F87595}.Release|x64.Build.0 = Release|Any CPU
		{7398097C-4BE1-4F34-BFAA-5A2B79F87595}.Release|x86.ActiveCfg = Release|Any CPU
		{7398097C-4BE1-4F34-BFAA-5A2B79F87595}.Release|x86.Build.0 = Release|Any CPU
		{2E35CA24-B31A-4591-AC60-B6CBC2F631EB}.Debug|Any CPU.ActiveCfg = Debug|Any CPU
		{2E35CA24-B31A-4591-AC60-B6CBC2F631EB}.Debug|Any CPU.Build.0 = Debug|Any CPU
		{2E35CA24-B31A-4591-AC60-B6CBC2F631EB}.Debug|x64.ActiveCfg = Debug|Any CPU
		{2E35CA24-B31A-4591-AC60-B6CBC2F631EB}.Debug|x64.Build.0 = Debug|Any CPU
		{2E35CA24-B31A-4591-AC60-B6CBC2F631EB}.Debug|x86.ActiveCfg = Debug|Any CPU
		{2E35CA24-B31A-4591-AC60-B6CBC2F631EB}.Debug|x86.Build.0 = Debug|Any CPU
		{2E35CA24-B31A-4591-AC60-B6CBC2F631EB}.Release|Any CPU.ActiveCfg = Release|Any CPU
		{2E35CA24-B31A-4591-AC60-B6CBC2F631EB}.Release|Any CPU.Build.0 = Release|Any CPU
		{2E35CA24-B31A-4591-AC60-B6CBC2F631EB}.Release|x64.ActiveCfg = Release|Any CPU
		{2E35CA24-B31A-4591-AC60-B6CBC2F631EB}.Release|x64.Build.0 = Release|Any CPU
		{2E35CA24-B31A-4591-AC60-B6CBC2F631EB}.Release|x86.ActiveCfg = Release|Any CPU
		{2E35CA24-B31A-4591-AC60-B6CBC2F631EB}.Release|x86.Build.0 = Release|Any CPU
		{BC9070C8-51B7-44A3-9CB2-A95A99710063}.Debug|Any CPU.ActiveCfg = Debug|Any CPU
		{BC9070C8-51B7-44A3-9CB2-A95A99710063}.Debug|Any CPU.Build.0 = Debug|Any CPU
		{BC9070C8-51B7-44A3-9CB2-A95A99710063}.Debug|x64.ActiveCfg = Debug|Any CPU
		{BC9070C8-51B7-44A3-9CB2-A95A99710063}.Debug|x64.Build.0 = Debug|Any CPU
		{BC9070C8-51B7-44A3-9CB2-A95A99710063}.Debug|x86.ActiveCfg = Debug|Any CPU
		{BC9070C8-51B7-44A3-9CB2-A95A99710063}.Debug|x86.Build.0 = Debug|Any CPU
		{BC9070C8-51B7-44A3-9CB2-A95A99710063}.Release|Any CPU.ActiveCfg = Release|Any CPU
		{BC9070C8-51B7-44A3-9CB2-A95A99710063}.Release|Any CPU.Build.0 = Release|Any CPU
		{BC9070C8-51B7-44A3-9CB2-A95A99710063}.Release|x64.ActiveCfg = Release|Any CPU
		{BC9070C8-51B7-44A3-9CB2-A95A99710063}.Release|x64.Build.0 = Release|Any CPU
		{BC9070C8-51B7-44A3-9CB2-A95A99710063}.Release|x86.ActiveCfg = Release|Any CPU
		{BC9070C8-51B7-44A3-9CB2-A95A99710063}.Release|x86.Build.0 = Release|Any CPU
		{A4F56D8A-BC84-47FD-B47C-4AD496C99C91}.Debug|Any CPU.ActiveCfg = Debug|Any CPU
		{A4F56D8A-BC84-47FD-B47C-4AD496C99C91}.Debug|Any CPU.Build.0 = Debug|Any CPU
		{A4F56D8A-BC84-47FD-B47C-4AD496C99C91}.Debug|x64.ActiveCfg = Debug|Any CPU
		{A4F56D8A-BC84-47FD-B47C-4AD496C99C91}.Debug|x64.Build.0 = Debug|Any CPU
		{A4F56D8A-BC84-47FD-B47C-4AD496C99C91}.Debug|x86.ActiveCfg = Debug|Any CPU
		{A4F56D8A-BC84-47FD-B47C-4AD496C99C91}.Debug|x86.Build.0 = Debug|Any CPU
		{A4F56D8A-BC84-47FD-B47C-4AD496C99C91}.Release|Any CPU.ActiveCfg = Release|Any CPU
		{A4F56D8A-BC84-47FD-B47C-4AD496C99C91}.Release|Any CPU.Build.0 = Release|Any CPU
		{A4F56D8A-BC84-47FD-B47C-4AD496C99C91}.Release|x64.ActiveCfg = Release|Any CPU
		{A4F56D8A-BC84-47FD-B47C-4AD496C99C91}.Release|x64.Build.0 = Release|Any CPU
		{A4F56D8A-BC84-47FD-B47C-4AD496C99C91}.Release|x86.ActiveCfg = Release|Any CPU
		{A4F56D8A-BC84-47FD-B47C-4AD496C99C91}.Release|x86.Build.0 = Release|Any CPU
		{9941A810-D6F6-4FB4-B1BE-D29385DD08AF}.Debug|Any CPU.ActiveCfg = Debug|Any CPU
		{9941A810-D6F6-4FB4-B1BE-D29385DD08AF}.Debug|Any CPU.Build.0 = Debug|Any CPU
		{9941A810-D6F6-4FB4-B1BE-D29385DD08AF}.Debug|x64.ActiveCfg = Debug|Any CPU
		{9941A810-D6F6-4FB4-B1BE-D29385DD08AF}.Debug|x64.Build.0 = Debug|Any CPU
		{9941A810-D6F6-4FB4-B1BE-D29385DD08AF}.Debug|x86.ActiveCfg = Debug|Any CPU
		{9941A810-D6F6-4FB4-B1BE-D29385DD08AF}.Debug|x86.Build.0 = Debug|Any CPU
		{9941A810-D6F6-4FB4-B1BE-D29385DD08AF}.Release|Any CPU.ActiveCfg = Release|Any CPU
		{9941A810-D6F6-4FB4-B1BE-D29385DD08AF}.Release|Any CPU.Build.0 = Release|Any CPU
		{9941A810-D6F6-4FB4-B1BE-D29385DD08AF}.Release|x64.ActiveCfg = Release|Any CPU
		{9941A810-D6F6-4FB4-B1BE-D29385DD08AF}.Release|x64.Build.0 = Release|Any CPU
		{9941A810-D6F6-4FB4-B1BE-D29385DD08AF}.Release|x86.ActiveCfg = Release|Any CPU
		{9941A810-D6F6-4FB4-B1BE-D29385DD08AF}.Release|x86.Build.0 = Release|Any CPU
		{EB20C050-9CD8-42EA-A248-D2D96F03F7B0}.Debug|Any CPU.ActiveCfg = Debug|Any CPU
		{EB20C050-9CD8-42EA-A248-D2D96F03F7B0}.Debug|Any CPU.Build.0 = Debug|Any CPU
		{EB20C050-9CD8-42EA-A248-D2D96F03F7B0}.Debug|x64.ActiveCfg = Debug|Any CPU
		{EB20C050-9CD8-42EA-A248-D2D96F03F7B0}.Debug|x64.Build.0 = Debug|Any CPU
		{EB20C050-9CD8-42EA-A248-D2D96F03F7B0}.Debug|x86.ActiveCfg = Debug|Any CPU
		{EB20C050-9CD8-42EA-A248-D2D96F03F7B0}.Debug|x86.Build.0 = Debug|Any CPU
		{EB20C050-9CD8-42EA-A248-D2D96F03F7B0}.Release|Any CPU.ActiveCfg = Release|Any CPU
		{EB20C050-9CD8-42EA-A248-D2D96F03F7B0}.Release|Any CPU.Build.0 = Release|Any CPU
		{EB20C050-9CD8-42EA-A248-D2D96F03F7B0}.Release|x64.ActiveCfg = Release|Any CPU
		{EB20C050-9CD8-42EA-A248-D2D96F03F7B0}.Release|x64.Build.0 = Release|Any CPU
		{EB20C050-9CD8-42EA-A248-D2D96F03F7B0}.Release|x86.ActiveCfg = Release|Any CPU
		{EB20C050-9CD8-42EA-A248-D2D96F03F7B0}.Release|x86.Build.0 = Release|Any CPU
		{094809FB-9DA9-50C0-7D97-C52DAD96CFE1}.Debug|Any CPU.ActiveCfg = Debug|Any CPU
		{094809FB-9DA9-50C0-7D97-C52DAD96CFE1}.Debug|Any CPU.Build.0 = Debug|Any CPU
		{094809FB-9DA9-50C0-7D97-C52DAD96CFE1}.Debug|x64.ActiveCfg = Debug|Any CPU
		{094809FB-9DA9-50C0-7D97-C52DAD96CFE1}.Debug|x64.Build.0 = Debug|Any CPU
		{094809FB-9DA9-50C0-7D97-C52DAD96CFE1}.Debug|x86.ActiveCfg = Debug|Any CPU
		{094809FB-9DA9-50C0-7D97-C52DAD96CFE1}.Debug|x86.Build.0 = Debug|Any CPU
		{094809FB-9DA9-50C0-7D97-C52DAD96CFE1}.Release|Any CPU.ActiveCfg = Release|Any CPU
		{094809FB-9DA9-50C0-7D97-C52DAD96CFE1}.Release|Any CPU.Build.0 = Release|Any CPU
		{094809FB-9DA9-50C0-7D97-C52DAD96CFE1}.Release|x64.ActiveCfg = Release|Any CPU
		{094809FB-9DA9-50C0-7D97-C52DAD96CFE1}.Release|x64.Build.0 = Release|Any CPU
		{094809FB-9DA9-50C0-7D97-C52DAD96CFE1}.Release|x86.ActiveCfg = Release|Any CPU
		{094809FB-9DA9-50C0-7D97-C52DAD96CFE1}.Release|x86.Build.0 = Release|Any CPU
		{C4DA6CB1-74F8-4C7F-AB84-AC9614897EE8}.Debug|Any CPU.ActiveCfg = Debug|Any CPU
		{C4DA6CB1-74F8-4C7F-AB84-AC9614897EE8}.Debug|Any CPU.Build.0 = Debug|Any CPU
		{C4DA6CB1-74F8-4C7F-AB84-AC9614897EE8}.Debug|x64.ActiveCfg = Debug|Any CPU
		{C4DA6CB1-74F8-4C7F-AB84-AC9614897EE8}.Debug|x64.Build.0 = Debug|Any CPU
		{C4DA6CB1-74F8-4C7F-AB84-AC9614897EE8}.Debug|x86.ActiveCfg = Debug|Any CPU
		{C4DA6CB1-74F8-4C7F-AB84-AC9614897EE8}.Debug|x86.Build.0 = Debug|Any CPU
		{C4DA6CB1-74F8-4C7F-AB84-AC9614897EE8}.Release|Any CPU.ActiveCfg = Release|Any CPU
		{C4DA6CB1-74F8-4C7F-AB84-AC9614897EE8}.Release|Any CPU.Build.0 = Release|Any CPU
		{C4DA6CB1-74F8-4C7F-AB84-AC9614897EE8}.Release|x64.ActiveCfg = Release|Any CPU
		{C4DA6CB1-74F8-4C7F-AB84-AC9614897EE8}.Release|x64.Build.0 = Release|Any CPU
		{C4DA6CB1-74F8-4C7F-AB84-AC9614897EE8}.Release|x86.ActiveCfg = Release|Any CPU
		{C4DA6CB1-74F8-4C7F-AB84-AC9614897EE8}.Release|x86.Build.0 = Release|Any CPU
	EndGlobalSection
	GlobalSection(SolutionProperties) = preSolution
		HideSolutionNode = FALSE
	EndGlobalSection
	GlobalSection(ExtensibilityGlobals) = postSolution
		SolutionGuid = {0BE9FBCC-F773-4190-B67D-A04DFBFD9ED4}
	EndGlobalSection
EndGlobal
